// !$*UTF8*$!
{
	archiveVersion = 1;
	classes = {
	};
	objectVersion = 55;
	objects = {

/* Begin PBXBuildFile section */
		9DA37C2F2798612B00D3B3CB /* SnakeJSONAppApp.swift in Sources */ = {isa = PBXBuildFile; fileRef = 9DA37C2E2798612B00D3B3CB /* SnakeJSONAppApp.swift */; };
		9DA37C312798612B00D3B3CB /* ContentView.swift in Sources */ = {isa = PBXBuildFile; fileRef = 9DA37C302798612B00D3B3CB /* ContentView.swift */; };
		9DA37C332798612D00D3B3CB /* Assets.xcassets in Resources */ = {isa = PBXBuildFile; fileRef = 9DA37C322798612D00D3B3CB /* Assets.xcassets */; };
		9DA37C362798612D00D3B3CB /* Preview Assets.xcassets in Resources */ = {isa = PBXBuildFile; fileRef = 9DA37C352798612D00D3B3CB /* Preview Assets.xcassets */; };
		9DA37C3D2798616300D3B3CB /* UserData.json in Resources */ = {isa = PBXBuildFile; fileRef = 9DA37C3C2798616300D3B3CB /* UserData.json */; };
		9DA37C3F279862A700D3B3CB /* User.swift in Sources */ = {isa = PBXBuildFile; fileRef = 9DA37C3E279862A700D3B3CB /* User.swift */; };
		9DA37C412798632700D3B3CB /* UserManager.swift in Sources */ = {isa = PBXBuildFile; fileRef = 9DA37C402798632700D3B3CB /* UserManager.swift */; };
		9DA37C432798637300D3B3CB /* SnakeDecoder.swift in Sources */ = {isa = PBXBuildFile; fileRef = 9DA37C422798637300D3B3CB /* SnakeDecoder.swift */; };
		9DA37C452798674F00D3B3CB /* UserError.swift in Sources */ = {isa = PBXBuildFile; fileRef = 9DA37C442798674F00D3B3CB /* UserError.swift */; };
/* End PBXBuildFile section */

/* Begin PBXFileReference section */
		9DA37C2B2798612B00D3B3CB /* SnakeJSONApp.app */ = {isa = PBXFileReference; explicitFileType = wrapper.application; includeInIndex = 0; path = SnakeJSONApp.app; sourceTree = BUILT_PRODUCTS_DIR; };
		9DA37C2E2798612B00D3B3CB /* SnakeJSONAppApp.swift */ = {isa = PBXFileReference; lastKnownFileType = sourcecode.swift; path = SnakeJSONAppApp.swift; sourceTree = "<group>"; };
		9DA37C302798612B00D3B3CB /* ContentView.swift */ = {isa = PBXFileReference; lastKnownFileType = sourcecode.swift; path = ContentView.swift; sourceTree = "<group>"; };
		9DA37C322798612D00D3B3CB /* Assets.xcassets */ = {isa = PBXFileReference; lastKnownFileType = folder.assetcatalog; path = Assets.xcassets; sourceTree = "<group>"; };
		9DA37C352798612D00D3B3CB /* Preview Assets.xcassets */ = {isa = PBXFileReference; lastKnownFileType = folder.assetcatalog; path = "Preview Assets.xcassets"; sourceTree = "<group>"; };
		9DA37C3C2798616300D3B3CB /* UserData.json */ = {isa = PBXFileReference; lastKnownFileType = text.json; path = UserData.json; sourceTree = "<group>"; };
		9DA37C3E279862A700D3B3CB /* User.swift */ = {isa = PBXFileReference; lastKnownFileType = sourcecode.swift; path = User.swift; sourceTree = "<group>"; };
		9DA37C402798632700D3B3CB /* UserManager.swift */ = {isa = PBXFileReference; lastKnownFileType = sourcecode.swift; path = UserManager.swift; sourceTree = "<group>"; };
		9DA37C422798637300D3B3CB /* SnakeDecoder.swift */ = {isa = PBXFileReference; lastKnownFileType = sourcecode.swift; path = SnakeDecoder.swift; sourceTree = "<group>"; };
		9DA37C442798674F00D3B3CB /* UserError.swift */ = {isa = PBXFileReference; lastKnownFileType = sourcecode.swift; path = UserError.swift; sourceTree = "<group>"; };
/* End PBXFileReference section */

/* Begin PBXFrameworksBuildPhase section */
		9DA37C282798612B00D3B3CB /* Frameworks */ = {
			isa = PBXFrameworksBuildPhase;
			buildActionMask = 2147483647;
			files = (
			);
			runOnlyForDeploymentPostprocessing = 0;
		};
/* End PBXFrameworksBuildPhase section */

/* Begin PBXGroup section */
		9DA37C222798612B00D3B3CB = {
			isa = PBXGroup;
			children = (
				9DA37C2D2798612B00D3B3CB /* SnakeJSONApp */,
				9DA37C2C2798612B00D3B3CB /* Products */,
			);
			sourceTree = "<group>";
		};
		9DA37C2C2798612B00D3B3CB /* Products */ = {
			isa = PBXGroup;
			children = (
				9DA37C2B2798612B00D3B3CB /* SnakeJSONApp.app */,
			);
			name = Products;
			sourceTree = "<group>";
		};
		9DA37C2D2798612B00D3B3CB /* SnakeJSONApp */ = {
			isa = PBXGroup;
			children = (
				9DA37C2E2798612B00D3B3CB /* SnakeJSONAppApp.swift */,
				9DA37C302798612B00D3B3CB /* ContentView.swift */,
				9DA37C3E279862A700D3B3CB /* User.swift */,
				9DA37C402798632700D3B3CB /* UserManager.swift */,
				9DA37C442798674F00D3B3CB /* UserError.swift */,
				9DA37C422798637300D3B3CB /* SnakeDecoder.swift */,
				9DA37C3C2798616300D3B3CB /* UserData.json */,
				9DA37C322798612D00D3B3CB /* Assets.xcassets */,
				9DA37C342798612D00D3B3CB /* Preview Content */,
			);
			path = SnakeJSONApp;
			sourceTree = "<group>";
		};
		9DA37C342798612D00D3B3CB /* Preview Content */ = {
			isa = PBXGroup;
			children = (
				9DA37C352798612D00D3B3CB /* Preview Assets.xcassets */,
			);
			path = "Preview Content";
			sourceTree = "<group>";
		};
/* End PBXGroup section */

/* Begin PBXNativeTarget section */
		9DA37C2A2798612B00D3B3CB /* SnakeJSONApp */ = {
			isa = PBXNativeTarget;
			buildConfigurationList = 9DA37C392798612D00D3B3CB /* Build configuration list for PBXNativeTarget "SnakeJSONApp" */;
			buildPhases = (
				9DA37C272798612B00D3B3CB /* Sources */,
				9DA37C282798612B00D3B3CB /* Frameworks */,
				9DA37C292798612B00D3B3CB /* Resources */,
			);
			buildRules = (
			);
			dependencies = (
			);
			name = SnakeJSONApp;
			productName = SnakeJSONApp;
			productReference = 9DA37C2B2798612B00D3B3CB /* SnakeJSONApp.app */;
			productType = "com.apple.product-type.application";
		};
/* End PBXNativeTarget section */

/* Begin PBXProject section */
		9DA37C232798612B00D3B3CB /* Project object */ = {
			isa = PBXProject;
			attributes = {
				BuildIndependentTargetsInParallel = 1;
				LastSwiftUpdateCheck = 1320;
				LastUpgradeCheck = 1320;
				TargetAttributes = {
					9DA37C2A2798612B00D3B3CB = {
						CreatedOnToolsVersion = 13.2.1;
					};
				};
			};
			buildConfigurationList = 9DA37C262798612B00D3B3CB /* Build configuration list for PBXProject "SnakeJSONApp" */;
			compatibilityVersion = "Xcode 13.0";
			developmentRegion = en;
			hasScannedForEncodings = 0;
			knownRegions = (
				en,
				Base,
			);
			mainGroup = 9DA37C222798612B00D3B3CB;
			productRefGroup = 9DA37C2C2798612B00D3B3CB /* Products */;
			projectDirPath = "";
			projectRoot = "";
			targets = (
				9DA37C2A2798612B00D3B3CB /* SnakeJSONApp */,
			);
		};
/* End PBXProject section */

/* Begin PBXResourcesBuildPhase section */
		9DA37C292798612B00D3B3CB /* Resources */ = {
			isa = PBXResourcesBuildPhase;
			buildActionMask = 2147483647;
			files = (
				9DA37C362798612D00D3B3CB /* Preview Assets.xcassets in Resources */,
				9DA37C332798612D00D3B3CB /* Assets.xcassets in Resources */,
				9DA37C3D2798616300D3B3CB /* UserData.json in Resources */,
			);
			runOnlyForDeploymentPostprocessing = 0;
		};
/* End PBXResourcesBuildPhase section */

/* Begin PBXSourcesBuildPhase section */
		9DA37C272798612B00D3B3CB /* Sources */ = {
			isa = PBXSourcesBuildPhase;
			buildActionMask = 2147483647;
			files = (
				9DA37C432798637300D3B3CB /* SnakeDecoder.swift in Sources */,
				9DA37C312798612B00D3B3CB /* ContentView.swift in Sources */,
				9DA37C2F2798612B00D3B3CB /* SnakeJSONAppApp.swift in Sources */,
				9DA37C412798632700D3B3CB /* UserManager.swift in Sources */,
				9DA37C3F279862A700D3B3CB /* User.swift in Sources */,
				9DA37C452798674F00D3B3CB /* UserError.swift in Sources */,
			);
			runOnlyForDeploymentPostprocessing = 0;
		};
/* End PBXSourcesBuildPhase section */

/* Begin XCBuildConfiguration section */
		9DA37C372798612D00D3B3CB /* Debug */ = {
			isa = XCBuildConfiguration;
			buildSettings = {
				ALWAYS_SEARCH_USER_PATHS = NO;
				CLANG_ANALYZER_NONNULL = YES;
				CLANG_ANALYZER_NUMBER_OBJECT_CONVERSION = YES_AGGRESSIVE;
				CLANG_CXX_LANGUAGE_STANDARD = "gnu++17";
				CLANG_CXX_LIBRARY = "libc++";
				CLANG_ENABLE_MODULES = YES;
				CLANG_ENABLE_OBJC_ARC = YES;
				CLANG_ENABLE_OBJC_WEAK = YES;
				CLANG_WARN_BLOCK_CAPTURE_AUTORELEASING = YES;
				CLANG_WARN_BOOL_CONVERSION = YES;
				CLANG_WARN_COMMA = YES;
				CLANG_WARN_CONSTANT_CONVERSION = YES;
				CLANG_WARN_DEPRECATED_OBJC_IMPLEMENTATIONS = YES;
				CLANG_WARN_DIRECT_OBJC_ISA_USAGE = YES_ERROR;
				CLANG_WARN_DOCUMENTATION_COMMENTS = YES;
				CLANG_WARN_EMPTY_BODY = YES;
				CLANG_WARN_ENUM_CONVERSION = YES;
				CLANG_WARN_INFINITE_RECURSION = YES;
				CLANG_WARN_INT_CONVERSION = YES;
				CLANG_WARN_NON_LITERAL_NULL_CONVERSION = YES;
				CLANG_WARN_OBJC_IMPLICIT_RETAIN_SELF = YES;
				CLANG_WARN_OBJC_LITERAL_CONVERSION = YES;
				CLANG_WARN_OBJC_ROOT_CLASS = YES_ERROR;
				CLANG_WARN_QUOTED_INCLUDE_IN_FRAMEWORK_HEADER = YES;
				CLANG_WARN_RANGE_LOOP_ANALYSIS = YES;
				CLANG_WARN_STRICT_PROTOTYPES = YES;
				CLANG_WARN_SUSPICIOUS_MOVE = YES;
				CLANG_WARN_UNGUARDED_AVAILABILITY = YES_AGGRESSIVE;
				CLANG_WARN_UNREACHABLE_CODE = YES;
				CLANG_WARN__DUPLICATE_METHOD_MATCH = YES;
				COPY_PHASE_STRIP = NO;
				DEBUG_INFORMATION_FORMAT = dwarf;
				ENABLE_STRICT_OBJC_MSGSEND = YES;
				ENABLE_TESTABILITY = YES;
				GCC_C_LANGUAGE_STANDARD = gnu11;
				GCC_DYNAMIC_NO_PIC = NO;
				GCC_NO_COMMON_BLOCKS = YES;
				GCC_OPTIMIZATION_LEVEL = 0;
				GCC_PREPROCESSOR_DEFINITIONS = (
					"DEBUG=1",
					"$(inherited)",
				);
				GCC_WARN_64_TO_32_BIT_CONVERSION = YES;
				GCC_WARN_ABOUT_RETURN_TYPE = YES_ERROR;
				GCC_WARN_UNDECLARED_SELECTOR = YES;
				GCC_WARN_UNINITIALIZED_AUTOS = YES_AGGRESSIVE;
				GCC_WARN_UNUSED_FUNCTION = YES;
				GCC_WARN_UNUSED_VARIABLE = YES;
				IPHONEOS_DEPLOYMENT_TARGET = 15.2;
				MTL_ENABLE_DEBUG_INFO = INCLUDE_SOURCE;
				MTL_FAST_MATH = YES;
				ONLY_ACTIVE_ARCH = YES;
				SDKROOT = iphoneos;
				SWIFT_ACTIVE_COMPILATION_CONDITIONS = DEBUG;
				SWIFT_OPTIMIZATION_LEVEL = "-Onone";
			};
			name = Debug;
		};
		9DA37C382798612D00D3B3CB /* Release */ = {
			isa = XCBuildConfiguration;
			buildSettings = {
				ALWAYS_SEARCH_USER_PATHS = NO;
				CLANG_ANALYZER_NONNULL = YES;
				CLANG_ANALYZER_NUMBER_OBJECT_CONVERSION = YES_AGGRESSIVE;
				CLANG_CXX_LANGUAGE_STANDARD = "gnu++17";
				CLANG_CXX_LIBRARY = "libc++";
				CLANG_ENABLE_MODULES = YES;
				CLANG_ENABLE_OBJC_ARC = YES;
				CLANG_ENABLE_OBJC_WEAK = YES;
				CLANG_WARN_BLOCK_CAPTURE_AUTORELEASING = YES;
				CLANG_WARN_BOOL_CONVERSION = YES;
				CLANG_WARN_COMMA = YES;
				CLANG_WARN_CONSTANT_CONVERSION = YES;
				CLANG_WARN_DEPRECATED_OBJC_IMPLEMENTATIONS = YES;
				CLANG_WARN_DIRECT_OBJC_ISA_USAGE = YES_ERROR;
				CLANG_WARN_DOCUMENTATION_COMMENTS = YES;
				CLANG_WARN_EMPTY_BODY = YES;
				CLANG_WARN_ENUM_CONVERSION = YES;
				CLANG_WARN_INFINITE_RECURSION = YES;
				CLANG_WARN_INT_CONVERSION = YES;
				CLANG_WARN_NON_LITERAL_NULL_CONVERSION = YES;
				CLANG_WARN_OBJC_IMPLICIT_RETAIN_SELF = YES;
				CLANG_WARN_OBJC_LITERAL_CONVERSION = YES;
				CLANG_WARN_OBJC_ROOT_CLASS = YES_ERROR;
				CLANG_WARN_QUOTED_INCLUDE_IN_FRAMEWORK_HEADER = YES;
				CLANG_WARN_RANGE_LOOP_ANALYSIS = YES;
				CLANG_WARN_STRICT_PROTOTYPES = YES;
				CLANG_WARN_SUSPICIOUS_MOVE = YES;
				CLANG_WARN_UNGUARDED_AVAILABILITY = YES_AGGRESSIVE;
				CLANG_WARN_UNREACHABLE_CODE = YES;
				CLANG_WARN__DUPLICATE_METHOD_MATCH = YES;
				COPY_PHASE_STRIP = NO;
				DEBUG_INFORMATION_FORMAT = "dwarf-with-dsym";
				ENABLE_NS_ASSERTIONS = NO;
				ENABLE_STRICT_OBJC_MSGSEND = YES;
				GCC_C_LANGUAGE_STANDARD = gnu11;
				GCC_NO_COMMON_BLOCKS = YES;
				GCC_WARN_64_TO_32_BIT_CONVERSION = YES;
				GCC_WARN_ABOUT_RETURN_TYPE = YES_ERROR;
				GCC_WARN_UNDECLARED_SELECTOR = YES;
				GCC_WARN_UNINITIALIZED_AUTOS = YES_AGGRESSIVE;
				GCC_WARN_UNUSED_FUNCTION = YES;
				GCC_WARN_UNUSED_VARIABLE = YES;
				IPHONEOS_DEPLOYMENT_TARGET = 15.2;
				MTL_ENABLE_DEBUG_INFO = NO;
				MTL_FAST_MATH = YES;
				SDKROOT = iphoneos;
				SWIFT_COMPILATION_MODE = wholemodule;
				SWIFT_OPTIMIZATION_LEVEL = "-O";
				VALIDATE_PRODUCT = YES;
			};
			name = Release;
		};
		9DA37C3A2798612D00D3B3CB /* Debug */ = {
			isa = XCBuildConfiguration;
			buildSettings = {
				ASSETCATALOG_COMPILER_APPICON_NAME = AppIcon;
				ASSETCATALOG_COMPILER_GLOBAL_ACCENT_COLOR_NAME = AccentColor;
				CODE_SIGN_STYLE = Automatic;
				CURRENT_PROJECT_VERSION = 1;
				DEVELOPMENT_ASSET_PATHS = "\"SnakeJSONApp/Preview Content\"";
				DEVELOPMENT_TEAM = RKA7R98LN8;
				ENABLE_PREVIEWS = YES;
				GENERATE_INFOPLIST_FILE = YES;
				INFOPLIST_KEY_UIApplicationSceneManifest_Generation = YES;
				INFOPLIST_KEY_UIApplicationSupportsIndirectInputEvents = YES;
				INFOPLIST_KEY_UILaunchScreen_Generation = YES;
				INFOPLIST_KEY_UISupportedInterfaceOrientations_iPad = "UIInterfaceOrientationPortrait UIInterfaceOrientationPortraitUpsideDown UIInterfaceOrientationLandscapeLeft UIInterfaceOrientationLandscapeRight";
				INFOPLIST_KEY_UISupportedInterfaceOrientations_iPhone = "UIInterfaceOrientationPortrait UIInterfaceOrientationLandscapeLeft UIInterfaceOrientationLandscapeRight";
				LD_RUNPATH_SEARCH_PATHS = (
					"$(inherited)",
					"@executable_path/Frameworks",
				);
				MARKETING_VERSION = 1.0;
				PRODUCT_BUNDLE_IDENTIFIER = tr.com.egesucu.SnakeJSONApp;
				PRODUCT_NAME = "$(TARGET_NAME)";
				SWIFT_EMIT_LOC_STRINGS = YES;
				SWIFT_VERSION = 5.0;
				TARGETED_DEVICE_FAMILY = "1,2";
			};
			name = Debug;
		};
		9DA37C3B2798612D00D3B3CB /* Release */ = {
			isa = XCBuildConfiguration;
			buildSettings = {
				ASSETCATALOG_COMPILER_APPICON_NAME = AppIcon;
				ASSETCATALOG_COMPILER_GLOBAL_ACCENT_COLOR_NAME = AccentColor;
				CODE_SIGN_STYLE = Automatic;
				CURRENT_PROJECT_VERSION = 1;
				DEVELOPMENT_ASSET_PATHS = "\"SnakeJSONApp/Preview Content\"";
				DEVELOPMENT_TEAM = RKA7R98LN8;
				ENABLE_PREVIEWS = YES;
				GENERATE_INFOPLIST_FILE = YES;
				INFOPLIST_KEY_UIApplicationSceneManifest_Generation = YES;
				INFOPLIST_KEY_UIApplicationSupportsIndirectInputEvents = YES;
				INFOPLIST_KEY_UILaunchScreen_Generation = YES;
				INFOPLIST_KEY_UISupportedInterfaceOrientations_iPad = "UIInterfaceOrientationPortrait UIInterfaceOrientationPortraitUpsideDown UIInterfaceOrientationLandscapeLeft UIInterfaceOrientationLandscapeRight";
				INFOPLIST_KEY_UISupportedInterfaceOrientations_iPhone = "UIInterfaceOrientationPortrait UIInterfaceOrientationLandscapeLeft UIInterfaceOrientationLandscapeRight";
				LD_RUNPATH_SEARCH_PATHS = (
					"$(inherited)",
					"@executable_path/Frameworks",
				);
				MARKETING_VERSION = 1.0;
				PRODUCT_BUNDLE_IDENTIFIER = tr.com.egesucu.SnakeJSONApp;
				PRODUCT_NAME = "$(TARGET_NAME)";
				SWIFT_EMIT_LOC_STRINGS = YES;
				SWIFT_VERSION = 5.0;
				TARGETED_DEVICE_FAMILY = "1,2";
			};
			name = Release;
		};
/* End XCBuildConfiguration section */

/* Begin XCConfigurationList section */
		9DA37C262798612B00D3B3CB /* Build configuration list for PBXProject "SnakeJSONApp" */ = {
			isa = XCConfigurationList;
			buildConfigurations = (
				9DA37C372798612D00D3B3CB /* Debug */,
				9DA37C382798612D00D3B3CB /* Release */,
			);
			defaultConfigurationIsVisible = 0;
			defaultConfigurationName = Release;
		};
		9DA37C392798612D00D3B3CB /* Build configuration list for PBXNativeTarget "SnakeJSONApp" */ = {
			isa = XCConfigurationList;
			buildConfigurations = (
				9DA37C3A2798612D00D3B3CB /* Debug */,
				9DA37C3B2798612D00D3B3CB /* Release */,
			);
			defaultConfigurationIsVisible = 0;
			defaultConfigurationName = Release;
		};
/* End XCConfigurationList section */
	};
	rootObject = 9DA37C232798612B00D3B3CB /* Project object */;
}
